
Microsoft Visual Studio Solution File, Format Version 12.00
# Visual Studio Version 17
VisualStudioVersion = 17.14.36121.58
MinimumVisualStudioVersion = 10.0.40219.1
Project("{8BC9CEB8-8B4A-11D0-8D11-00A0C91BC942}") = "GU", "GU\GU.vcxproj", "{8F8217F7-1123-477C-8DBB-03E8B3D88936}"
EndProject
Project("{8BC9CEB8-8B4A-11D0-8D11-00A0C91BC942}") = "RTKF3F", "RTKF3F\RTKF3F.vcxitems", "{C1024F6F-755E-4709-ADC0-2833394E992C}"
EndProject
Project("{8BC9CEB8-8B4A-11D0-8D11-00A0C91BC942}") = "RTKBase", "RTKBase\RTKBase.vcxproj", "{8CA495C3-472B-4F72-BC53-6F1A9A507455}"
EndProject
Project("{8BC9CEB8-8B4A-11D0-8D11-00A0C91BC942}") = "CD", "CD\CD.vcxproj", "{D75B4DDD-FCC6-4EA4-AC7B-7A8C67EAF00D}"
EndProject
Project("{8BC9CEB8-8B4A-11D0-8D11-00A0C91BC942}") = "Sound", "Sound\Sound.vcxitems", "{C8D7F230-8489-4352-9709-229822070967}"
EndProject
Global
	GlobalSection(SolutionConfigurationPlatforms) = preSolution
		Debug|ARM = Debug|ARM
		Debug|ARM64 = Debug|ARM64
		Debug|x64 = Debug|x64
		Debug|x86 = Debug|x86
		Release|ARM = Release|ARM
		Release|ARM64 = Release|ARM64
		Release|x64 = Release|x64
		Release|x86 = Release|x86
	EndGlobalSection
	GlobalSection(ProjectConfigurationPlatforms) = postSolution
		{8F8217F7-1123-477C-8DBB-03E8B3D88936}.Debug|ARM.ActiveCfg = Debug|ARM
		{8F8217F7-1123-477C-8DBB-03E8B3D88936}.Debug|ARM.Build.0 = Debug|ARM
		{8F8217F7-1123-477C-8DBB-03E8B3D88936}.Debug|ARM.Deploy.0 = Debug|ARM
		{8F8217F7-1123-477C-8DBB-03E8B3D88936}.Debug|ARM64.ActiveCfg = Debug|ARM64
		{8F8217F7-1123-477C-8DBB-03E8B3D88936}.Debug|ARM64.Build.0 = Debug|ARM64
		{8F8217F7-1123-477C-8DBB-03E8B3D88936}.Debug|ARM64.Deploy.0 = Debug|ARM64
		{8F8217F7-1123-477C-8DBB-03E8B3D88936}.Debug|x64.ActiveCfg = Debug|x64
		{8F8217F7-1123-477C-8DBB-03E8B3D88936}.Debug|x64.Build.0 = Debug|x64
		{8F8217F7-1123-477C-8DBB-03E8B3D88936}.Debug|x64.Deploy.0 = Debug|x64
		{8F8217F7-1123-477C-8DBB-03E8B3D88936}.Debug|x86.ActiveCfg = Debug|x86
		{8F8217F7-1123-477C-8DBB-03E8B3D88936}.Debug|x86.Build.0 = Debug|x86
		{8F8217F7-1123-477C-8DBB-03E8B3D88936}.Debug|x86.Deploy.0 = Debug|x86
		{8F8217F7-1123-477C-8DBB-03E8B3D88936}.Release|ARM.ActiveCfg = Release|ARM
		{8F8217F7-1123-477C-8DBB-03E8B3D88936}.Release|ARM.Build.0 = Release|ARM
		{8F8217F7-1123-477C-8DBB-03E8B3D88936}.Release|ARM.Deploy.0 = Release|ARM
		{8F8217F7-1123-477C-8DBB-03E8B3D88936}.Release|ARM64.ActiveCfg = Release|ARM64
		{8F8217F7-1123-477C-8DBB-03E8B3D88936}.Release|ARM64.Build.0 = Release|ARM64
		{8F8217F7-1123-477C-8DBB-03E8B3D88936}.Release|ARM64.Deploy.0 = Release|ARM64
		{8F8217F7-1123-477C-8DBB-03E8B3D88936}.Release|x64.ActiveCfg = Release|x64
		{8F8217F7-1123-477C-8DBB-03E8B3D88936}.Release|x64.Build.0 = Release|x64
		{8F8217F7-1123-477C-8DBB-03E8B3D88936}.Release|x64.Deploy.0 = Release|x64
		{8F8217F7-1123-477C-8DBB-03E8B3D88936}.Release|x86.ActiveCfg = Release|x86
		{8F8217F7-1123-477C-8DBB-03E8B3D88936}.Release|x86.Build.0 = Release|x86
		{8F8217F7-1123-477C-8DBB-03E8B3D88936}.Release|x86.Deploy.0 = Release|x86
		{8CA495C3-472B-4F72-BC53-6F1A9A507455}.Debug|ARM.ActiveCfg = Debug|ARM
		{8CA495C3-472B-4F72-BC53-6F1A9A507455}.Debug|ARM.Build.0 = Debug|ARM
		{8CA495C3-472B-4F72-BC53-6F1A9A507455}.Debug|ARM.Deploy.0 = Debug|ARM
		{8CA495C3-472B-4F72-BC53-6F1A9A507455}.Debug|ARM64.ActiveCfg = Debug|ARM64
		{8CA495C3-472B-4F72-BC53-6F1A9A507455}.Debug|ARM64.Build.0 = Debug|ARM64
		{8CA495C3-472B-4F72-BC53-6F1A9A507455}.Debug|ARM64.Deploy.0 = Debug|ARM64
		{8CA495C3-472B-4F72-BC53-6F1A9A507455}.Debug|x64.ActiveCfg = Debug|x64
		{8CA495C3-472B-4F72-BC53-6F1A9A507455}.Debug|x64.Build.0 = Debug|x64
		{8CA495C3-472B-4F72-BC53-6F1A9A507455}.Debug|x64.Deploy.0 = Debug|x64
		{8CA495C3-472B-4F72-BC53-6F1A9A507455}.Debug|x86.ActiveCfg = Debug|x86
		{8CA495C3-472B-4F72-BC53-6F1A9A507455}.Debug|x86.Build.0 = Debug|x86
		{8CA495C3-472B-4F72-BC53-6F1A9A507455}.Debug|x86.Deploy.0 = Debug|x86
		{8CA495C3-472B-4F72-BC53-6F1A9A507455}.Release|ARM.ActiveCfg = Release|ARM
		{8CA495C3-472B-4F72-BC53-6F1A9A507455}.Release|ARM.Build.0 = Release|ARM
		{8CA495C3-472B-4F72-BC53-6F1A9A507455}.Release|ARM.Deploy.0 = Release|ARM
		{8CA495C3-472B-4F72-BC53-6F1A9A507455}.Release|ARM64.ActiveCfg = Release|ARM64
		{8CA495C3-472B-4F72-BC53-6F1A9A507455}.Release|ARM64.Build.0 = Release|ARM64
		{8CA495C3-472B-4F72-BC53-6F1A9A507455}.Release|ARM64.Deploy.0 = Release|ARM64
		{8CA495C3-472B-4F72-BC53-6F1A9A507455}.Release|x64.ActiveCfg = Release|x64
		{8CA495C3-472B-4F72-BC53-6F1A9A507455}.Release|x64.Build.0 = Release|x64
		{8CA495C3-472B-4F72-BC53-6F1A9A507455}.Release|x64.Deploy.0 = Release|x64
		{8CA495C3-472B-4F72-BC53-6F1A9A507455}.Release|x86.ActiveCfg = Release|x86
		{8CA495C3-472B-4F72-BC53-6F1A9A507455}.Release|x86.Build.0 = Release|x86
		{8CA495C3-472B-4F72-BC53-6F1A9A507455}.Release|x86.Deploy.0 = Release|x86
		{D75B4DDD-FCC6-4EA4-AC7B-7A8C67EAF00D}.Debug|ARM.ActiveCfg = Debug|ARM
		{D75B4DDD-FCC6-4EA4-AC7B-7A8C67EAF00D}.Debug|ARM.Build.0 = Debug|ARM
		{D75B4DDD-FCC6-4EA4-AC7B-7A8C67EAF00D}.Debug|ARM.Deploy.0 = Debug|ARM
		{D75B4DDD-FCC6-4EA4-AC7B-7A8C67EAF00D}.Debug|ARM64.ActiveCfg = Debug|ARM64
		{D75B4DDD-FCC6-4EA4-AC7B-7A8C67EAF00D}.Debug|ARM64.Build.0 = Debug|ARM64
		{D75B4DDD-FCC6-4EA4-AC7B-7A8C67EAF00D}.Debug|ARM64.Deploy.0 = Debug|ARM64
		{D75B4DDD-FCC6-4EA4-AC7B-7A8C67EAF00D}.Debug|x64.ActiveCfg = Debug|x64
		{D75B4DDD-FCC6-4EA4-AC7B-7A8C67EAF00D}.Debug|x64.Build.0 = Debug|x64
		{D75B4DDD-FCC6-4EA4-AC7B-7A8C67EAF00D}.Debug|x64.Deploy.0 = Debug|x64
		{D75B4DDD-FCC6-4EA4-AC7B-7A8C67EAF00D}.Debug|x86.ActiveCfg = Debug|x86
		{D75B4DDD-FCC6-4EA4-AC7B-7A8C67EAF00D}.Debug|x86.Build.0 = Debug|x86
		{D75B4DDD-FCC6-4EA4-AC7B-7A8C67EAF00D}.Debug|x86.Deploy.0 = Debug|x86
		{D75B4DDD-FCC6-4EA4-AC7B-7A8C67EAF00D}.Release|ARM.ActiveCfg = Release|ARM
		{D75B4DDD-FCC6-4EA4-AC7B-7A8C67EAF00D}.Release|ARM.Build.0 = Release|ARM
		{D75B4DDD-FCC6-4EA4-AC7B-7A8C67EAF00D}.Release|ARM.Deploy.0 = Release|ARM
		{D75B4DDD-FCC6-4EA4-AC7B-7A8C67EAF00D}.Release|ARM64.ActiveCfg = Release|ARM64
		{D75B4DDD-FCC6-4EA4-AC7B-7A8C67EAF00D}.Release|ARM64.Build.0 = Release|ARM64
		{D75B4DDD-FCC6-4EA4-AC7B-7A8C67EAF00D}.Release|ARM64.Deploy.0 = Release|ARM64
		{D75B4DDD-FCC6-4EA4-AC7B-7A8C67EAF00D}.Release|x64.ActiveCfg = Release|x64
		{D75B4DDD-FCC6-4EA4-AC7B-7A8C67EAF00D}.Release|x64.Build.0 = Release|x64
		{D75B4DDD-FCC6-4EA4-AC7B-7A8C67EAF00D}.Release|x64.Deploy.0 = Release|x64
		{D75B4DDD-FCC6-4EA4-AC7B-7A8C67EAF00D}.Release|x86.ActiveCfg = Release|x86
		{D75B4DDD-FCC6-4EA4-AC7B-7A8C67EAF00D}.Release|x86.Build.0 = Release|x86
		{D75B4DDD-FCC6-4EA4-AC7B-7A8C67EAF00D}.Release|x86.Deploy.0 = Release|x86
	EndGlobalSection
	GlobalSection(SolutionProperties) = preSolution
		HideSolutionNode = FALSE
	EndGlobalSection
	GlobalSection(ExtensibilityGlobals) = postSolution
		SolutionGuid = {6934B5FC-137A-4765-8F6C-236066044B20}
	EndGlobalSection
	GlobalSection(SharedMSBuildProjectFiles) = preSolution
		RTKF3F\RTKF3F.vcxitems*{8ca495c3-472b-4f72-bc53-6f1a9a507455}*SharedItemsImports = 4
		RTKF3F\RTKF3F.vcxitems*{8f8217f7-1123-477c-8dbb-03e8b3d88936}*SharedItemsImports = 4
		RTKF3F\RTKF3F.vcxitems*{c1024f6f-755e-4709-adc0-2833394e992c}*SharedItemsImports = 9
		Sound\Sound.vcxitems*{c8d7f230-8489-4352-9709-229822070967}*SharedItemsImports = 9
		RTKF3F\RTKF3F.vcxitems*{d75b4ddd-fcc6-4ea4-ac7b-7a8c67eaf00d}*SharedItemsImports = 4
		Sound\Sound.vcxitems*{d75b4ddd-fcc6-4ea4-ac7b-7a8c67eaf00d}*SharedItemsImports = 4
	EndGlobalSection
EndGlobal
